
Microsoft Visual Studio Solution File, Format Version 12.00
# Visual Studio Version 17
VisualStudioVersion = 17.7.34031.279
MinimumVisualStudioVersion = 10.0.40219.1
Project("{FAE04EC0-301F-11D3-BF4B-00C04F79EFBC}") = "OODExam", "OODExam\OODExam.csproj", "{C85DF55E-EB66-4502-B770-8A227F34CB2E}"
EndProject
Project("{FAE04EC0-301F-11D3-BF4B-00C04F79EFBC}") = "DataManegment", "DataManegment\DataManegment.csproj", "{754A88E7-32E4-433F-8D6D-B0F1CA1C7AF3}"
EndProject
Global
	GlobalSection(SolutionConfigurationPlatforms) = preSolution
		Debug|Any CPU = Debug|Any CPU
		Release|Any CPU = Release|Any CPU
	EndGlobalSection
	GlobalSection(ProjectConfigurationPlatforms) = postSolution
		{C85DF55E-EB66-4502-B770-8A227F34CB2E}.Debug|Any CPU.ActiveCfg = Debug|Any CPU
		{C85DF55E-EB66-4502-B770-8A227F34CB2E}.Debug|Any CPU.Build.0 = Debug|Any CPU
		{C85DF55E-EB66-4502-B770-8A227F34CB2E}.Release|Any CPU.ActiveCfg = Release|Any CPU
		{C85DF55E-EB66-4502-B770-8A227F34CB2E}.Release|Any CPU.Build.0 = Release|Any CPU
		{754A88E7-32E4-433F-8D6D-B0F1CA1C7AF3}.Debug|Any CPU.ActiveCfg = Debug|Any CPU
		{754A88E7-32E4-433F-8D6D-B0F1CA1C7AF3}.Debug|Any CPU.Build.0 = Debug|Any CPU
		{754A88E7-32E4-433F-8D6D-B0F1CA1C7AF3}.Release|Any CPU.ActiveCfg = Release|Any CPU
		{754A88E7-32E4-433F-8D6D-B0F1CA1C7AF3}.Release|Any CPU.Build.0 = Release|Any CPU
	EndGlobalSection
	GlobalSection(SolutionProperties) = preSolution
		HideSolutionNode = FALSE
	EndGlobalSection
	GlobalSection(ExtensibilityGlobals) = postSolution
		SolutionGuid = {7DA48D5E-4BEE-4453-B36D-86F2C41C20A4}
	EndGlobalSection
EndGlobal
